
Microsoft Visual Studio Solution File, Format Version 12.00
# Visual Studio Version 17
VisualStudioVersion = 17.1.32210.238
MinimumVisualStudioVersion = 10.0.40219.1
Project("{9A19103F-16F7-4668-BE54-9A1E7A4F7556}") = "API", "API\API.csproj", "{8EDB1EB1-42B1-4214-A055-06AFEFFDBD4A}"
EndProject
Project("{9A19103F-16F7-4668-BE54-9A1E7A4F7556}") = "Domain", "Domain\Domain.csproj", "{B70AB5B0-2990-49F4-BA28-6F430D994B58}"
EndProject
Project("{9A19103F-16F7-4668-BE54-9A1E7A4F7556}") = "Infra.Database", "Infra.Database\Infra.Database.csproj", "{6859B692-EC74-44EC-A0B7-AEEC75E464D8}"
EndProject
Project("{9A19103F-16F7-4668-BE54-9A1E7A4F7556}") = "UnitTests", "UnitTests\UnitTests.csproj", "{236294CE-A1F8-41A0-B28D-8C127EDB165E}"
EndProject
Project("{FAE04EC0-301F-11D3-BF4B-00C04F79EFBC}") = "IntegrationTest", "IntegrationTest\IntegrationTest.csproj", "{ECE1276D-7541-4004-9047-24515D045ECB}"
	ProjectSection(ProjectDependencies) = postProject
		{6859B692-EC74-44EC-A0B7-AEEC75E464D8} = {6859B692-EC74-44EC-A0B7-AEEC75E464D8}
		{B70AB5B0-2990-49F4-BA28-6F430D994B58} = {B70AB5B0-2990-49F4-BA28-6F430D994B58}
		{8EDB1EB1-42B1-4214-A055-06AFEFFDBD4A} = {8EDB1EB1-42B1-4214-A055-06AFEFFDBD4A}
	EndProjectSection
EndProject
Global
	GlobalSection(SolutionConfigurationPlatforms) = preSolution
		Debug|Any CPU = Debug|Any CPU
		Release|Any CPU = Release|Any CPU
	EndGlobalSection
	GlobalSection(ProjectConfigurationPlatforms) = postSolution
		{8EDB1EB1-42B1-4214-A055-06AFEFFDBD4A}.Debug|Any CPU.ActiveCfg = Debug|Any CPU
		{8EDB1EB1-42B1-4214-A055-06AFEFFDBD4A}.Debug|Any CPU.Build.0 = Debug|Any CPU
		{8EDB1EB1-42B1-4214-A055-06AFEFFDBD4A}.Release|Any CPU.ActiveCfg = Release|Any CPU
		{8EDB1EB1-42B1-4214-A055-06AFEFFDBD4A}.Release|Any CPU.Build.0 = Release|Any CPU
		{B70AB5B0-2990-49F4-BA28-6F430D994B58}.Debug|Any CPU.ActiveCfg = Debug|Any CPU
		{B70AB5B0-2990-49F4-BA28-6F430D994B58}.Debug|Any CPU.Build.0 = Debug|Any CPU
		{B70AB5B0-2990-49F4-BA28-6F430D994B58}.Release|Any CPU.ActiveCfg = Release|Any CPU
		{B70AB5B0-2990-49F4-BA28-6F430D994B58}.Release|Any CPU.Build.0 = Release|Any CPU
		{6859B692-EC74-44EC-A0B7-AEEC75E464D8}.Debug|Any CPU.ActiveCfg = Debug|Any CPU
		{6859B692-EC74-44EC-A0B7-AEEC75E464D8}.Debug|Any CPU.Build.0 = Debug|Any CPU
		{6859B692-EC74-44EC-A0B7-AEEC75E464D8}.Release|Any CPU.ActiveCfg = Release|Any CPU
		{6859B692-EC74-44EC-A0B7-AEEC75E464D8}.Release|Any CPU.Build.0 = Release|Any CPU
		{236294CE-A1F8-41A0-B28D-8C127EDB165E}.Debug|Any CPU.ActiveCfg = Debug|Any CPU
		{236294CE-A1F8-41A0-B28D-8C127EDB165E}.Debug|Any CPU.Build.0 = Debug|Any CPU
		{236294CE-A1F8-41A0-B28D-8C127EDB165E}.Release|Any CPU.ActiveCfg = Release|Any CPU
		{236294CE-A1F8-41A0-B28D-8C127EDB165E}.Release|Any CPU.Build.0 = Release|Any CPU
		{ECE1276D-7541-4004-9047-24515D045ECB}.Debug|Any CPU.ActiveCfg = Debug|Any CPU
		{ECE1276D-7541-4004-9047-24515D045ECB}.Debug|Any CPU.Build.0 = Debug|Any CPU
		{ECE1276D-7541-4004-9047-24515D045ECB}.Release|Any CPU.ActiveCfg = Release|Any CPU
		{ECE1276D-7541-4004-9047-24515D045ECB}.Release|Any CPU.Build.0 = Release|Any CPU
	EndGlobalSection
	GlobalSection(SolutionProperties) = preSolution
		HideSolutionNode = FALSE
	EndGlobalSection
	GlobalSection(ExtensibilityGlobals) = postSolution
		SolutionGuid = {39F1CFA1-1EA0-4750-9DB1-1AB296CBAF4C}
	EndGlobalSection
EndGlobal
